// !$*UTF8*$!
{
	archiveVersion = 1;
	classes = {
	};
	objectVersion = 46;
	objects = {

/* Begin PBXBuildFile section */
		314F42B61AAADCE900958B1F /* background1.png in Resources */ = {isa = PBXBuildFile; fileRef = 314F42B01AAADCE900958B1F /* background1.png */; };
		314F42B71AAADCE900958B1F /* background2.png in Resources */ = {isa = PBXBuildFile; fileRef = 314F42B11AAADCE900958B1F /* background2.png */; };
		314F42B81AAADCE900958B1F /* MainMenu.png in Resources */ = {isa = PBXBuildFile; fileRef = 314F42B21AAADCE900958B1F /* MainMenu.png */; };
		314F42B91AAADCE900958B1F /* YouLose.png in Resources */ = {isa = PBXBuildFile; fileRef = 314F42B31AAADCE900958B1F /* YouLose.png */; };
		314F42BA1AAADCE900958B1F /* YouWin.png in Resources */ = {isa = PBXBuildFile; fileRef = 314F42B41AAADCE900958B1F /* YouWin.png */; };
		314F42BB1AAADCE900958B1F /* sprites.atlas in Resources */ = {isa = PBXBuildFile; fileRef = 314F42B51AAADCE900958B1F /* sprites.atlas */; };
		31A19EFB1AAA1BDB00EF2B32 /* AppDelegate.swift in Sources */ = {isa = PBXBuildFile; fileRef = 31A19EFA1AAA1BDB00EF2B32 /* AppDelegate.swift */; };
		31A19EFF1AAA1BDB00EF2B32 /* GameScene.swift in Sources */ = {isa = PBXBuildFile; fileRef = 31A19EFE1AAA1BDB00EF2B32 /* GameScene.swift */; };
		31A19F011AAA1BDB00EF2B32 /* GameViewController.swift in Sources */ = {isa = PBXBuildFile; fileRef = 31A19F001AAA1BDB00EF2B32 /* GameViewController.swift */; };
		31A19F041AAA1BDB00EF2B32 /* Main.storyboard in Resources */ = {isa = PBXBuildFile; fileRef = 31A19F021AAA1BDB00EF2B32 /* Main.storyboard */; };
		31A19F061AAA1BDB00EF2B32 /* Images.xcassets in Resources */ = {isa = PBXBuildFile; fileRef = 31A19F051AAA1BDB00EF2B32 /* Images.xcassets */; };
		31A19F091AAA1BDB00EF2B32 /* LaunchScreen.xib in Resources */ = {isa = PBXBuildFile; fileRef = 31A19F071AAA1BDB00EF2B32 /* LaunchScreen.xib */; };
		31A19F151AAA1BDB00EF2B32 /* ZombieCongaTests.swift in Sources */ = {isa = PBXBuildFile; fileRef = 31A19F141AAA1BDB00EF2B32 /* ZombieCongaTests.swift */; };
		31D6D6CD1AAF011600B5488E /* MyUtils.swift in Sources */ = {isa = PBXBuildFile; fileRef = 31D6D6CC1AAF011600B5488E /* MyUtils.swift */; };
/* End PBXBuildFile section */

/* Begin PBXContainerItemProxy section */
		31A19F0F1AAA1BDB00EF2B32 /* PBXContainerItemProxy */ = {
			isa = PBXContainerItemProxy;
			containerPortal = 31A19EED1AAA1BDB00EF2B32 /* Project object */;
			proxyType = 1;
			remoteGlobalIDString = 31A19EF41AAA1BDB00EF2B32;
			remoteInfo = ZombieConga;
		};
/* End PBXContainerItemProxy section */

/* Begin PBXFileReference section */
		314F42B01AAADCE900958B1F /* background1.png */ = {isa = PBXFileReference; lastKnownFileType = image.png; path = background1.png; sourceTree = "<group>"; };
		314F42B11AAADCE900958B1F /* background2.png */ = {isa = PBXFileReference; lastKnownFileType = image.png; path = background2.png; sourceTree = "<group>"; };
		314F42B21AAADCE900958B1F /* MainMenu.png */ = {isa = PBXFileReference; lastKnownFileType = image.png; path = MainMenu.png; sourceTree = "<group>"; };
		314F42B31AAADCE900958B1F /* YouLose.png */ = {isa = PBXFileReference; lastKnownFileType = image.png; path = YouLose.png; sourceTree = "<group>"; };
		314F42B41AAADCE900958B1F /* YouWin.png */ = {isa = PBXFileReference; lastKnownFileType = image.png; path = YouWin.png; sourceTree = "<group>"; };
		314F42B51AAADCE900958B1F /* sprites.atlas */ = {isa = PBXFileReference; lastKnownFileType = folder.skatlas; path = sprites.atlas; sourceTree = "<group>"; };
		31A19EF51AAA1BDB00EF2B32 /* ZombieConga.app */ = {isa = PBXFileReference; explicitFileType = wrapper.application; includeInIndex = 0; path = ZombieConga.app; sourceTree = BUILT_PRODUCTS_DIR; };
		31A19EF91AAA1BDB00EF2B32 /* Info.plist */ = {isa = PBXFileReference; lastKnownFileType = text.plist.xml; path = Info.plist; sourceTree = "<group>"; };
		31A19EFA1AAA1BDB00EF2B32 /* AppDelegate.swift */ = {isa = PBXFileReference; lastKnownFileType = sourcecode.swift; path = AppDelegate.swift; sourceTree = "<group>"; };
		31A19EFE1AAA1BDB00EF2B32 /* GameScene.swift */ = {isa = PBXFileReference; lastKnownFileType = sourcecode.swift; path = GameScene.swift; sourceTree = "<group>"; };
		31A19F001AAA1BDB00EF2B32 /* GameViewController.swift */ = {isa = PBXFileReference; lastKnownFileType = sourcecode.swift; path = GameViewController.swift; sourceTree = "<group>"; };
		31A19F031AAA1BDB00EF2B32 /* Base */ = {isa = PBXFileReference; lastKnownFileType = file.storyboard; name = Base; path = Base.lproj/Main.storyboard; sourceTree = "<group>"; };
		31A19F051AAA1BDB00EF2B32 /* Images.xcassets */ = {isa = PBXFileReference; lastKnownFileType = folder.assetcatalog; path = Images.xcassets; sourceTree = "<group>"; };
		31A19F081AAA1BDB00EF2B32 /* Base */ = {isa = PBXFileReference; lastKnownFileType = file.xib; name = Base; path = Base.lproj/LaunchScreen.xib; sourceTree = "<group>"; };
		31A19F0E1AAA1BDB00EF2B32 /* ZombieCongaTests.xctest */ = {isa = PBXFileReference; explicitFileType = wrapper.cfbundle; includeInIndex = 0; path = ZombieCongaTests.xctest; sourceTree = BUILT_PRODUCTS_DIR; };
		31A19F131AAA1BDB00EF2B32 /* Info.plist */ = {isa = PBXFileReference; lastKnownFileType = text.plist.xml; path = Info.plist; sourceTree = "<group>"; };
		31A19F141AAA1BDB00EF2B32 /* ZombieCongaTests.swift */ = {isa = PBXFileReference; lastKnownFileType = sourcecode.swift; path = ZombieCongaTests.swift; sourceTree = "<group>"; };
		31D6D6CC1AAF011600B5488E /* MyUtils.swift */ = {isa = PBXFileReference; fileEncoding = 4; lastKnownFileType = sourcecode.swift; path = MyUtils.swift; sourceTree = "<group>"; };
/* End PBXFileReference section */

/* Begin PBXFrameworksBuildPhase section */
		31A19EF21AAA1BDB00EF2B32 /* Frameworks */ = {
			isa = PBXFrameworksBuildPhase;
			buildActionMask = 2147483647;
			files = (
			);
			runOnlyForDeploymentPostprocessing = 0;
		};
		31A19F0B1AAA1BDB00EF2B32 /* Frameworks */ = {
			isa = PBXFrameworksBuildPhase;
			buildActionMask = 2147483647;
			files = (
			);
			runOnlyForDeploymentPostprocessing = 0;
		};
/* End PBXFrameworksBuildPhase section */

/* Begin PBXGroup section */
		314F42AF1AAADCE900958B1F /* Images */ = {
			isa = PBXGroup;
			children = (
				314F42B01AAADCE900958B1F /* background1.png */,
				314F42B11AAADCE900958B1F /* background2.png */,
				314F42B21AAADCE900958B1F /* MainMenu.png */,
				314F42B31AAADCE900958B1F /* YouLose.png */,
				314F42B41AAADCE900958B1F /* YouWin.png */,
			);
			path = Images;
			sourceTree = "<group>";
		};
		31A19EEC1AAA1BDB00EF2B32 = {
			isa = PBXGroup;
			children = (
				31A19EF71AAA1BDB00EF2B32 /* ZombieConga */,
				31A19F111AAA1BDB00EF2B32 /* ZombieCongaTests */,
				31A19EF61AAA1BDB00EF2B32 /* Products */,
			);
			sourceTree = "<group>";
		};
		31A19EF61AAA1BDB00EF2B32 /* Products */ = {
			isa = PBXGroup;
			children = (
				31A19EF51AAA1BDB00EF2B32 /* ZombieConga.app */,
				31A19F0E1AAA1BDB00EF2B32 /* ZombieCongaTests.xctest */,
			);
			name = Products;
			sourceTree = "<group>";
		};
		31A19EF71AAA1BDB00EF2B32 /* ZombieConga */ = {
			isa = PBXGroup;
			children = (
				31A19EFA1AAA1BDB00EF2B32 /* AppDelegate.swift */,
				31A19EFE1AAA1BDB00EF2B32 /* GameScene.swift */,
				31A19F001AAA1BDB00EF2B32 /* GameViewController.swift */,
				31D6D6CC1AAF011600B5488E /* MyUtils.swift */,
				31A19F021AAA1BDB00EF2B32 /* Main.storyboard */,
				314F42AF1AAADCE900958B1F /* Images */,
				314F42B51AAADCE900958B1F /* sprites.atlas */,
				31A19F051AAA1BDB00EF2B32 /* Images.xcassets */,
				31A19F071AAA1BDB00EF2B32 /* LaunchScreen.xib */,
				31A19EF81AAA1BDB00EF2B32 /* Supporting Files */,
			);
			path = ZombieConga;
			sourceTree = "<group>";
		};
		31A19EF81AAA1BDB00EF2B32 /* Supporting Files */ = {
			isa = PBXGroup;
			children = (
				31A19EF91AAA1BDB00EF2B32 /* Info.plist */,
			);
			name = "Supporting Files";
			sourceTree = "<group>";
		};
		31A19F111AAA1BDB00EF2B32 /* ZombieCongaTests */ = {
			isa = PBXGroup;
			children = (
				31A19F141AAA1BDB00EF2B32 /* ZombieCongaTests.swift */,
				31A19F121AAA1BDB00EF2B32 /* Supporting Files */,
			);
			path = ZombieCongaTests;
			sourceTree = "<group>";
		};
		31A19F121AAA1BDB00EF2B32 /* Supporting Files */ = {
			isa = PBXGroup;
			children = (
				31A19F131AAA1BDB00EF2B32 /* Info.plist */,
			);
			name = "Supporting Files";
			sourceTree = "<group>";
		};
/* End PBXGroup section */

/* Begin PBXNativeTarget section */
		31A19EF41AAA1BDB00EF2B32 /* ZombieConga */ = {
			isa = PBXNativeTarget;
			buildConfigurationList = 31A19F181AAA1BDB00EF2B32 /* Build configuration list for PBXNativeTarget "ZombieConga" */;
			buildPhases = (
				31A19EF11AAA1BDB00EF2B32 /* Sources */,
				31A19EF21AAA1BDB00EF2B32 /* Frameworks */,
				31A19EF31AAA1BDB00EF2B32 /* Resources */,
			);
			buildRules = (
			);
			dependencies = (
			);
			name = ZombieConga;
			productName = ZombieConga;
			productReference = 31A19EF51AAA1BDB00EF2B32 /* ZombieConga.app */;
			productType = "com.apple.product-type.application";
		};
		31A19F0D1AAA1BDB00EF2B32 /* ZombieCongaTests */ = {
			isa = PBXNativeTarget;
			buildConfigurationList = 31A19F1B1AAA1BDB00EF2B32 /* Build configuration list for PBXNativeTarget "ZombieCongaTests" */;
			buildPhases = (
				31A19F0A1AAA1BDB00EF2B32 /* Sources */,
				31A19F0B1AAA1BDB00EF2B32 /* Frameworks */,
				31A19F0C1AAA1BDB00EF2B32 /* Resources */,
			);
			buildRules = (
			);
			dependencies = (
				31A19F101AAA1BDB00EF2B32 /* PBXTargetDependency */,
			);
			name = ZombieCongaTests;
			productName = ZombieCongaTests;
			productReference = 31A19F0E1AAA1BDB00EF2B32 /* ZombieCongaTests.xctest */;
			productType = "com.apple.product-type.bundle.unit-test";
		};
/* End PBXNativeTarget section */

/* Begin PBXProject section */
		31A19EED1AAA1BDB00EF2B32 /* Project object */ = {
			isa = PBXProject;
			attributes = {
				LastUpgradeCheck = 0610;
				ORGANIZATIONNAME = Hrishikesh;
				TargetAttributes = {
					31A19EF41AAA1BDB00EF2B32 = {
						CreatedOnToolsVersion = 6.1.1;
					};
					31A19F0D1AAA1BDB00EF2B32 = {
						CreatedOnToolsVersion = 6.1.1;
						TestTargetID = 31A19EF41AAA1BDB00EF2B32;
					};
				};
			};
			buildConfigurationList = 31A19EF01AAA1BDB00EF2B32 /* Build configuration list for PBXProject "ZombieConga" */;
			compatibilityVersion = "Xcode 3.2";
			developmentRegion = English;
			hasScannedForEncodings = 0;
			knownRegions = (
				en,
				Base,
			);
			mainGroup = 31A19EEC1AAA1BDB00EF2B32;
			productRefGroup = 31A19EF61AAA1BDB00EF2B32 /* Products */;
			projectDirPath = "";
			projectRoot = "";
			targets = (
				31A19EF41AAA1BDB00EF2B32 /* ZombieConga */,
				31A19F0D1AAA1BDB00EF2B32 /* ZombieCongaTests */,
			);
		};
/* End PBXProject section */

/* Begin PBXResourcesBuildPhase section */
		31A19EF31AAA1BDB00EF2B32 /* Resources */ = {
			isa = PBXResourcesBuildPhase;
			buildActionMask = 2147483647;
			files = (
				314F42BA1AAADCE900958B1F /* YouWin.png in Resources */,
				314F42BB1AAADCE900958B1F /* sprites.atlas in Resources */,
				31A19F091AAA1BDB00EF2B32 /* LaunchScreen.xib in Resources */,
				314F42B81AAADCE900958B1F /* MainMenu.png in Resources */,
				314F42B91AAADCE900958B1F /* YouLose.png in Resources */,
				31A19F061AAA1BDB00EF2B32 /* Images.xcassets in Resources */,
				314F42B71AAADCE900958B1F /* background2.png in Resources */,
				31A19F041AAA1BDB00EF2B32 /* Main.storyboard in Resources */,
				314F42B61AAADCE900958B1F /* background1.png in Resources */,
			);
			runOnlyForDeploymentPostprocessing = 0;
		};
		31A19F0C1AAA1BDB00EF2B32 /* Resources */ = {
			isa = PBXResourcesBuildPhase;
			buildActionMask = 2147483647;
			files = (
			);
			runOnlyForDeploymentPostprocessing = 0;
		};
/* End PBXResourcesBuildPhase section */

/* Begin PBXSourcesBuildPhase section */
		31A19EF11AAA1BDB00EF2B32 /* Sources */ = {
			isa = PBXSourcesBuildPhase;
			buildActionMask = 2147483647;
			files = (
				31A19EFF1AAA1BDB00EF2B32 /* GameScene.swift in Sources */,
				31A19F011AAA1BDB00EF2B32 /* GameViewController.swift in Sources */,
				31A19EFB1AAA1BDB00EF2B32 /* AppDelegate.swift in Sources */,
				31D6D6CD1AAF011600B5488E /* MyUtils.swift in Sources */,
			);
			runOnlyForDeploymentPostprocessing = 0;
		};
		31A19F0A1AAA1BDB00EF2B32 /* Sources */ = {
			isa = PBXSourcesBuildPhase;
			buildActionMask = 2147483647;
			files = (
				31A19F151AAA1BDB00EF2B32 /* ZombieCongaTests.swift in Sources */,
			);
			runOnlyForDeploymentPostprocessing = 0;
		};
/* End PBXSourcesBuildPhase section */

/* Begin PBXTargetDependency section */
		31A19F101AAA1BDB00EF2B32 /* PBXTargetDependency */ = {
			isa = PBXTargetDependency;
			target = 31A19EF41AAA1BDB00EF2B32 /* ZombieConga */;
			targetProxy = 31A19F0F1AAA1BDB00EF2B32 /* PBXContainerItemProxy */;
		};
/* End PBXTargetDependency section */

/* Begin PBXVariantGroup section */
		31A19F021AAA1BDB00EF2B32 /* Main.storyboard */ = {
			isa = PBXVariantGroup;
			children = (
				31A19F031AAA1BDB00EF2B32 /* Base */,
			);
			name = Main.storyboard;
			sourceTree = "<group>";
		};
		31A19F071AAA1BDB00EF2B32 /* LaunchScreen.xib */ = {
			isa = PBXVariantGroup;
			children = (
				31A19F081AAA1BDB00EF2B32 /* Base */,
			);
			name = LaunchScreen.xib;
			sourceTree = "<group>";
		};
/* End PBXVariantGroup section */

/* Begin XCBuildConfiguration section */
		31A19F161AAA1BDB00EF2B32 /* Debug */ = {
			isa = XCBuildConfiguration;
			buildSettings = {
				ALWAYS_SEARCH_USER_PATHS = NO;
				CLANG_CXX_LANGUAGE_STANDARD = "gnu++0x";
				CLANG_CXX_LIBRARY = "libc++";
				CLANG_ENABLE_MODULES = YES;
				CLANG_ENABLE_OBJC_ARC = YES;
				CLANG_WARN_BOOL_CONVERSION = YES;
				CLANG_WARN_CONSTANT_CONVERSION = YES;
				CLANG_WARN_DIRECT_OBJC_ISA_USAGE = YES_ERROR;
				CLANG_WARN_EMPTY_BODY = YES;
				CLANG_WARN_ENUM_CONVERSION = YES;
				CLANG_WARN_INT_CONVERSION = YES;
				CLANG_WARN_OBJC_ROOT_CLASS = YES_ERROR;
				CLANG_WARN_UNREACHABLE_CODE = YES;
				CLANG_WARN__DUPLICATE_METHOD_MATCH = YES;
				"CODE_SIGN_IDENTITY[sdk=iphoneos*]" = "iPhone Developer";
				COPY_PHASE_STRIP = NO;
				ENABLE_STRICT_OBJC_MSGSEND = YES;
				GCC_C_LANGUAGE_STANDARD = gnu99;
				GCC_DYNAMIC_NO_PIC = NO;
				GCC_OPTIMIZATION_LEVEL = 0;
				GCC_PREPROCESSOR_DEFINITIONS = (
					"DEBUG=1",
					"$(inherited)",
				);
				GCC_SYMBOLS_PRIVATE_EXTERN = NO;
				GCC_WARN_64_TO_32_BIT_CONVERSION = YES;
				GCC_WARN_ABOUT_RETURN_TYPE = YES_ERROR;
				GCC_WARN_UNDECLARED_SELECTOR = YES;
				GCC_WARN_UNINITIALIZED_AUTOS = YES_AGGRESSIVE;
				GCC_WARN_UNUSED_FUNCTION = YES;
				GCC_WARN_UNUSED_VARIABLE = YES;
				IPHONEOS_DEPLOYMENT_TARGET = 8.1;
				MTL_ENABLE_DEBUG_INFO = YES;
				ONLY_ACTIVE_ARCH = YES;
				SDKROOT = iphoneos;
				SWIFT_OPTIMIZATION_LEVEL = "-Onone";
				TARGETED_DEVICE_FAMILY = "1,2";
			};
			name = Debug;
		};
		31A19F171AAA1BDB00EF2B32 /* Release */ = {
			isa = XCBuildConfiguration;
			buildSettings = {
				ALWAYS_SEARCH_USER_PATHS = NO;
				CLANG_CXX_LANGUAGE_STANDARD = "gnu++0x";
				CLANG_CXX_LIBRARY = "libc++";
				CLANG_ENABLE_MODULES = YES;
				CLANG_ENABLE_OBJC_ARC = YES;
				CLANG_WARN_BOOL_CONVERSION = YES;
				CLANG_WARN_CONSTANT_CONVERSION = YES;
				CLANG_WARN_DIRECT_OBJC_ISA_USAGE = YES_ERROR;
				CLANG_WARN_EMPTY_BODY = YES;
				CLANG_WARN_ENUM_CONVERSION = YES;
				CLANG_WARN_INT_CONVERSION = YES;
				CLANG_WARN_OBJC_ROOT_CLASS = YES_ERROR;
				CLANG_WARN_UNREACHABLE_CODE = YES;
				CLANG_WARN__DUPLICATE_METHOD_MATCH = YES;
				"CODE_SIGN_IDENTITY[sdk=iphoneos*]" = "iPhone Developer";
				COPY_PHASE_STRIP = YES;
				ENABLE_NS_ASSERTIONS = NO;
				ENABLE_STRICT_OBJC_MSGSEND = YES;
				GCC_C_LANGUAGE_STANDARD = gnu99;
				GCC_WARN_64_TO_32_BIT_CONVERSION = YES;
				GCC_WARN_ABOUT_RETURN_TYPE = YES_ERROR;
				GCC_WARN_UNDECLARED_SELECTOR = YES;
				GCC_WARN_UNINITIALIZED_AUTOS = YES_AGGRESSIVE;
				GCC_WARN_UNUSED_FUNCTION = YES;
				GCC_WARN_UNUSED_VARIABLE = YES;
				IPHONEOS_DEPLOYMENT_TARGET = 8.1;
				MTL_ENABLE_DEBUG_INFO = NO;
				SDKROOT = iphoneos;
				TARGETED_DEVICE_FAMILY = "1,2";
				VALIDATE_PRODUCT = YES;
			};
			name = Release;
		};
		31A19F191AAA1BDB00EF2B32 /* Debug */ = {
			isa = XCBuildConfiguration;
			buildSettings = {
				ASSETCATALOG_COMPILER_APPICON_NAME = AppIcon;
				INFOPLIST_FILE = ZombieConga/Info.plist;
				LD_RUNPATH_SEARCH_PATHS = "$(inherited) @executable_path/Frameworks";
				PRODUCT_NAME = "$(TARGET_NAME)";
			};
			name = Debug;
		};
		31A19F1A1AAA1BDB00EF2B32 /* Release */ = {
			isa = XCBuildConfiguration;
			buildSettings = {
				ASSETCATALOG_COMPILER_APPICON_NAME = AppIcon;
				INFOPLIST_FILE = ZombieConga/Info.plist;
				LD_RUNPATH_SEARCH_PATHS = "$(inherited) @executable_path/Frameworks";
				PRODUCT_NAME = "$(TARGET_NAME)";
			};
			name = Release;
		};
		31A19F1C1AAA1BDB00EF2B32 /* Debug */ = {
			isa = XCBuildConfiguration;
			buildSettings = {
				BUNDLE_LOADER = "$(TEST_HOST)";
				FRAMEWORK_SEARCH_PATHS = (
					"$(SDKROOT)/Developer/Library/Frameworks",
					"$(inherited)",
				);
				GCC_PREPROCESSOR_DEFINITIONS = (
					"DEBUG=1",
					"$(inherited)",
				);
				INFOPLIST_FILE = ZombieCongaTests/Info.plist;
				LD_RUNPATH_SEARCH_PATHS = "$(inherited) @executable_path/Frameworks @loader_path/Frameworks";
				PRODUCT_NAME = "$(TARGET_NAME)";
				TEST_HOST = "$(BUILT_PRODUCTS_DIR)/ZombieConga.app/ZombieConga";
			};
			name = Debug;
		};
		31A19F1D1AAA1BDB00EF2B32 /* Release */ = {
			isa = XCBuildConfiguration;
			buildSettings = {
				BUNDLE_LOADER = "$(TEST_HOST)";
				FRAMEWORK_SEARCH_PATHS = (
					"$(SDKROOT)/Developer/Library/Frameworks",
					"$(inherited)",
				);
				INFOPLIST_FILE = ZombieCongaTests/Info.plist;
				LD_RUNPATH_SEARCH_PATHS = "$(inherited) @executable_path/Frameworks @loader_path/Frameworks";
				PRODUCT_NAME = "$(TARGET_NAME)";
				TEST_HOST = "$(BUILT_PRODUCTS_DIR)/ZombieConga.app/ZombieConga";
			};
			name = Release;
		};
/* End XCBuildConfiguration section */

/* Begin XCConfigurationList section */
		31A19EF01AAA1BDB00EF2B32 /* Build configuration list for PBXProject "ZombieConga" */ = {
			isa = XCConfigurationList;
			buildConfigurations = (
				31A19F161AAA1BDB00EF2B32 /* Debug */,
				31A19F171AAA1BDB00EF2B32 /* Release */,
			);
			defaultConfigurationIsVisible = 0;
			defaultConfigurationName = Release;
		};
		31A19F181AAA1BDB00EF2B32 /* Build configuration list for PBXNativeTarget "ZombieConga" */ = {
			isa = XCConfigurationList;
			buildConfigurations = (
				31A19F191AAA1BDB00EF2B32 /* Debug */,
				31A19F1A1AAA1BDB00EF2B32 /* Release */,
			);
			defaultConfigurationIsVisible = 0;
			defaultConfigurationName = Release;
		};
		31A19F1B1AAA1BDB00EF2B32 /* Build configuration list for PBXNativeTarget "ZombieCongaTests" */ = {
			isa = XCConfigurationList;
			buildConfigurations = (
				31A19F1C1AAA1BDB00EF2B32 /* Debug */,
				31A19F1D1AAA1BDB00EF2B32 /* Release */,
			);
			defaultConfigurationIsVisible = 0;
			defaultConfigurationName = Release;
		};
/* End XCConfigurationList section */
	};
	rootObject = 31A19EED1AAA1BDB00EF2B32 /* Project object */;
}
